
Microsoft Visual Studio Solution File, Format Version 12.00
# Visual Studio 15
VisualStudioVersion = 15.0.28307.645
MinimumVisualStudioVersion = 10.0.40219.1
Project("{FAE04EC0-301F-11D3-BF4B-00C04F79EFBC}") = "tnt.lsdwebsite", "tnt.lsdwebsite\tnt.lsdwebsite.csproj", "{3D71F2CE-EB66-4CCA-B7C2-A7925B529CA4}"
EndProject
Global
	GlobalSection(SolutionConfigurationPlatforms) = preSolution
		Debug|Any CPU = Debug|Any CPU
		Release|Any CPU = Release|Any CPU
	EndGlobalSection
	GlobalSection(ProjectConfigurationPlatforms) = postSolution
		{3D71F2CE-EB66-4CCA-B7C2-A7925B529CA4}.Debug|Any CPU.ActiveCfg = Debug|Any CPU
		{3D71F2CE-EB66-4CCA-B7C2-A7925B529CA4}.Debug|Any CPU.Build.0 = Debug|Any CPU
		{3D71F2CE-EB66-4CCA-B7C2-A7925B529CA4}.Release|Any CPU.ActiveCfg = Release|Any CPU
		{3D71F2CE-EB66-4CCA-B7C2-A7925B529CA4}.Release|Any CPU.Build.0 = Release|Any CPU
	EndGlobalSection
	GlobalSection(SolutionProperties) = preSolution
		HideSolutionNode = FALSE
	EndGlobalSection
	GlobalSection(ExtensibilityGlobals) = postSolution
		SolutionGuid = {74635EC7-AAC8-4456-8DE0-F8B122A2F8CA}
	EndGlobalSection
EndGlobal
